lockfileVersion: '9.0'

settings:
  autoInstallPeers: true
  excludeLinksFromLockfile: false

importers:

  .:
    dependencies:
      husky:
        specifier: ^9.1.5
        version: 9.1.5

packages:

  husky@9.1.5:
    resolution: {integrity: sha512-rowAVRUBfI0b4+niA4SJMhfQwc107VLkBUgEYYAOQAbqDCnra1nYh83hF/MDmhYs9t9n1E3DuKOrs2LYNC+0Ag==}
    engines: {node: '>=18'}
    hasBin: true

snapshots:

  husky@9.1.5: {}
